{
  "name": "paste",
  "lockfileVersion": 2,
  "requires": true,
  "packages": {
    "": {
      "dependencies": {
        "typescript-eslint": "^0.0.1-alpha.0"
      }
    },
    "node_modules/typescript-eslint": {
      "version": "0.0.1-alpha.0",
      "resolved": "https://registry.npmjs.org/typescript-eslint/-/typescript-eslint-0.0.1-alpha.0.tgz",
      "integrity": "sha512-1hNKM37dAWML/2ltRXupOq2uqcdRQyDFphl+341NTPXFLLLiDhErXx8VtaSLh3xP7SyHZdcCgpt9boYYVb3fQg=="
    }
  },
  "dependencies": {
    "typescript-eslint": {
      "version": "0.0.1-alpha.0",
      "resolved": "https://registry.npmjs.org/typescript-eslint/-/typescript-eslint-0.0.1-alpha.0.tgz",
      "integrity": "sha512-1hNKM37dAWML/2ltRXupOq2uqcdRQyDFphl+341NTPXFLLLiDhErXx8VtaSLh3xP7SyHZdcCgpt9boYYVb3fQg=="
    }
  }
}
